
Microsoft Visual Studio Solution File, Format Version 12.00
# Visual Studio Version 17
VisualStudioVersion = 17.13.35806.99 d17.13
MinimumVisualStudioVersion = 10.0.40219.1
Project("{FAE04EC0-301F-11D3-BF4B-00C04F79EFBC}") = "ProjectManagementSystem", "ProjectManagementSystem\ProjectManagementSystem.csproj", "{BDD79AEE-3B91-4155-9B57-3E37AFE3786B}"
EndProject
Global
	GlobalSection(SolutionConfigurationPlatforms) = preSolution
		Debug|Any CPU = Debug|Any CPU
		Release|Any CPU = Release|Any CPU
	EndGlobalSection
	GlobalSection(ProjectConfigurationPlatforms) = postSolution
		{BDD79AEE-3B91-4155-9B57-3E37AFE3786B}.Debug|Any CPU.ActiveCfg = Debug|Any CPU
		{BDD79AEE-3B91-4155-9B57-3E37AFE3786B}.Debug|Any CPU.Build.0 = Debug|Any CPU
		{BDD79AEE-3B91-4155-9B57-3E37AFE3786B}.Release|Any CPU.ActiveCfg = Release|Any CPU
		{BDD79AEE-3B91-4155-9B57-3E37AFE3786B}.Release|Any CPU.Build.0 = Release|Any CPU
	EndGlobalSection
	GlobalSection(SolutionProperties) = preSolution
		HideSolutionNode = FALSE
	EndGlobalSection
	GlobalSection(ExtensibilityGlobals) = postSolution
		SolutionGuid = {584C204E-A02C-44C4-9EC2-5A96F8FE9BCD}
	EndGlobalSection
EndGlobal
